
Microsoft Visual Studio Solution File, Format Version 12.00
# Visual Studio Version 17
VisualStudioVersion = 17.0.32112.339
MinimumVisualStudioVersion = 10.0.40219.1
Project("{9A19103F-16F7-4668-BE54-9A1E7A4F7556}") = "VY.SocialMedia.AppWebApi", "SocialMedia.Api\VY.SocialMedia.AppWebApi.csproj", "{C69CA429-544B-4727-8F6F-D5AA0B771753}"
EndProject
Project("{9A19103F-16F7-4668-BE54-9A1E7A4F7556}") = "VY.SocialMedia.Data.Contracts", "SocialMedia.Core\VY.SocialMedia.Data.Contracts.csproj", "{46222A20-9A71-492B-982C-F3A6AC96251D}"
EndProject
Project("{9A19103F-16F7-4668-BE54-9A1E7A4F7556}") = "VY.SocialMedia.Data.Implementation", "SocialMedia.Infrastructure\VY.SocialMedia.Data.Implementation.csproj", "{7EC8E6C7-CF79-41FF-AC44-C76D5C388C2C}"
EndProject
Project("{2150E333-8FDC-42A3-9474-1A3956D46DE8}") = "01.Application", "01.Application", "{CC7CD08C-DDA2-4C9B-BAA3-04A988938446}"
EndProject
Project("{9A19103F-16F7-4668-BE54-9A1E7A4F7556}") = "VY.SocialMedia.Dtos", "VY.WebApi.Dtos\VY.SocialMedia.Dtos.csproj", "{A7D93BAC-508B-40F0-B22B-087C0FB6ED50}"
EndProject
Project("{2150E333-8FDC-42A3-9474-1A3956D46DE8}") = "02.Business", "02.Business", "{C77B788B-8E03-42A2-BE53-6758BB0C343A}"
EndProject
Project("{2150E333-8FDC-42A3-9474-1A3956D46DE8}") = "03.Data", "03.Data", "{39500035-6F55-499D-B554-B40EFD86767B}"
EndProject
Project("{2150E333-8FDC-42A3-9474-1A3956D46DE8}") = "04.Infrastructure", "04.Infrastructure", "{1CB6AF3C-AE88-4C1C-AF94-F8178D5CA34A}"
EndProject
Project("{2150E333-8FDC-42A3-9474-1A3956D46DE8}") = "05.Dtos", "05.Dtos", "{7B77FC7C-BAC2-4434-8ECC-3157E8E9BBAA}"
EndProject
Project("{FAE04EC0-301F-11D3-BF4B-00C04F79EFBC}") = "VY.SocialMedia.Business.Contracts", "VY.SocialMedia.Business.Contracts\VY.SocialMedia.Business.Contracts.csproj", "{D5CCCCC8-E569-4C0E-ACC2-F4AAFEFC0177}"
EndProject
Project("{FAE04EC0-301F-11D3-BF4B-00C04F79EFBC}") = "VY.SocialMedia.Business.Implementation", "VY.SocialMedia.Business.Implementation\VY.SocialMedia.Business.Implementation.csproj", "{4B756437-FFC3-48B5-ADC7-8A85D03BC37D}"
EndProject
Global
	GlobalSection(SolutionConfigurationPlatforms) = preSolution
		Debug|Any CPU = Debug|Any CPU
		Release|Any CPU = Release|Any CPU
	EndGlobalSection
	GlobalSection(ProjectConfigurationPlatforms) = postSolution
		{C69CA429-544B-4727-8F6F-D5AA0B771753}.Debug|Any CPU.ActiveCfg = Debug|Any CPU
		{C69CA429-544B-4727-8F6F-D5AA0B771753}.Debug|Any CPU.Build.0 = Debug|Any CPU
		{C69CA429-544B-4727-8F6F-D5AA0B771753}.Release|Any CPU.ActiveCfg = Release|Any CPU
		{C69CA429-544B-4727-8F6F-D5AA0B771753}.Release|Any CPU.Build.0 = Release|Any CPU
		{46222A20-9A71-492B-982C-F3A6AC96251D}.Debug|Any CPU.ActiveCfg = Debug|Any CPU
		{46222A20-9A71-492B-982C-F3A6AC96251D}.Debug|Any CPU.Build.0 = Debug|Any CPU
		{46222A20-9A71-492B-982C-F3A6AC96251D}.Release|Any CPU.ActiveCfg = Release|Any CPU
		{46222A20-9A71-492B-982C-F3A6AC96251D}.Release|Any CPU.Build.0 = Release|Any CPU
		{7EC8E6C7-CF79-41FF-AC44-C76D5C388C2C}.Debug|Any CPU.ActiveCfg = Debug|Any CPU
		{7EC8E6C7-CF79-41FF-AC44-C76D5C388C2C}.Debug|Any CPU.Build.0 = Debug|Any CPU
		{7EC8E6C7-CF79-41FF-AC44-C76D5C388C2C}.Release|Any CPU.ActiveCfg = Release|Any CPU
		{7EC8E6C7-CF79-41FF-AC44-C76D5C388C2C}.Release|Any CPU.Build.0 = Release|Any CPU
		{A7D93BAC-508B-40F0-B22B-087C0FB6ED50}.Debug|Any CPU.ActiveCfg = Debug|Any CPU
		{A7D93BAC-508B-40F0-B22B-087C0FB6ED50}.Debug|Any CPU.Build.0 = Debug|Any CPU
		{A7D93BAC-508B-40F0-B22B-087C0FB6ED50}.Release|Any CPU.ActiveCfg = Release|Any CPU
		{A7D93BAC-508B-40F0-B22B-087C0FB6ED50}.Release|Any CPU.Build.0 = Release|Any CPU
		{D5CCCCC8-E569-4C0E-ACC2-F4AAFEFC0177}.Debug|Any CPU.ActiveCfg = Debug|Any CPU
		{D5CCCCC8-E569-4C0E-ACC2-F4AAFEFC0177}.Debug|Any CPU.Build.0 = Debug|Any CPU
		{D5CCCCC8-E569-4C0E-ACC2-F4AAFEFC0177}.Release|Any CPU.ActiveCfg = Release|Any CPU
		{D5CCCCC8-E569-4C0E-ACC2-F4AAFEFC0177}.Release|Any CPU.Build.0 = Release|Any CPU
		{4B756437-FFC3-48B5-ADC7-8A85D03BC37D}.Debug|Any CPU.ActiveCfg = Debug|Any CPU
		{4B756437-FFC3-48B5-ADC7-8A85D03BC37D}.Debug|Any CPU.Build.0 = Debug|Any CPU
		{4B756437-FFC3-48B5-ADC7-8A85D03BC37D}.Release|Any CPU.ActiveCfg = Release|Any CPU
		{4B756437-FFC3-48B5-ADC7-8A85D03BC37D}.Release|Any CPU.Build.0 = Release|Any CPU
	EndGlobalSection
	GlobalSection(SolutionProperties) = preSolution
		HideSolutionNode = FALSE
	EndGlobalSection
	GlobalSection(NestedProjects) = preSolution
		{C69CA429-544B-4727-8F6F-D5AA0B771753} = {CC7CD08C-DDA2-4C9B-BAA3-04A988938446}
		{46222A20-9A71-492B-982C-F3A6AC96251D} = {39500035-6F55-499D-B554-B40EFD86767B}
		{7EC8E6C7-CF79-41FF-AC44-C76D5C388C2C} = {39500035-6F55-499D-B554-B40EFD86767B}
		{A7D93BAC-508B-40F0-B22B-087C0FB6ED50} = {7B77FC7C-BAC2-4434-8ECC-3157E8E9BBAA}
		{D5CCCCC8-E569-4C0E-ACC2-F4AAFEFC0177} = {C77B788B-8E03-42A2-BE53-6758BB0C343A}
		{4B756437-FFC3-48B5-ADC7-8A85D03BC37D} = {C77B788B-8E03-42A2-BE53-6758BB0C343A}
	EndGlobalSection
	GlobalSection(ExtensibilityGlobals) = postSolution
		SolutionGuid = {37420922-15E0-433E-BE01-CBB6D03A142A}
	EndGlobalSection
EndGlobal
