
Microsoft Visual Studio Solution File, Format Version 12.00
# Visual Studio Version 17
VisualStudioVersion = 17.0.32112.339
MinimumVisualStudioVersion = 10.0.40219.1
Project("{FAE04EC0-301F-11D3-BF4B-00C04F79EFBC}") = "serverMaintainanceSystem", "serverMaintainanceSystem\serverMaintainanceSystem.csproj", "{BD5588ED-4013-4AC0-B3CA-6A476760901C}"
EndProject
Global
	GlobalSection(SolutionConfigurationPlatforms) = preSolution
		Debug|Any CPU = Debug|Any CPU
		Release|Any CPU = Release|Any CPU
	EndGlobalSection
	GlobalSection(ProjectConfigurationPlatforms) = postSolution
		{BD5588ED-4013-4AC0-B3CA-6A476760901C}.Debug|Any CPU.ActiveCfg = Debug|Any CPU
		{BD5588ED-4013-4AC0-B3CA-6A476760901C}.Debug|Any CPU.Build.0 = Debug|Any CPU
		{BD5588ED-4013-4AC0-B3CA-6A476760901C}.Release|Any CPU.ActiveCfg = Release|Any CPU
		{BD5588ED-4013-4AC0-B3CA-6A476760901C}.Release|Any CPU.Build.0 = Release|Any CPU
	EndGlobalSection
	GlobalSection(SolutionProperties) = preSolution
		HideSolutionNode = FALSE
	EndGlobalSection
	GlobalSection(ExtensibilityGlobals) = postSolution
		SolutionGuid = {585E672D-D1AB-4620-9A75-DDE49F42AEA8}
	EndGlobalSection
EndGlobal
