
Microsoft Visual Studio Solution File, Format Version 12.00
# Visual Studio Version 17
VisualStudioVersion = 17.0.32112.339
MinimumVisualStudioVersion = 10.0.40219.1
Project("{FAE04EC0-301F-11D3-BF4B-00C04F79EFBC}") = "SocialMedia.Api", "SocialMedia.Api\SocialMedia.Api.csproj", "{C69CA429-544B-4727-8F6F-D5AA0B771753}"
EndProject
Project("{FAE04EC0-301F-11D3-BF4B-00C04F79EFBC}") = "SocialMedia.Core", "SocialMedia.Core\SocialMedia.Core.csproj", "{46222A20-9A71-492B-982C-F3A6AC96251D}"
EndProject
Project("{FAE04EC0-301F-11D3-BF4B-00C04F79EFBC}") = "SocialMedia.Infrastructure", "SocialMedia.Infrastructure\SocialMedia.Infrastructure.csproj", "{7EC8E6C7-CF79-41FF-AC44-C76D5C388C2C}"
EndProject
Global
	GlobalSection(SolutionConfigurationPlatforms) = preSolution
		Debug|Any CPU = Debug|Any CPU
		Release|Any CPU = Release|Any CPU
	EndGlobalSection
	GlobalSection(ProjectConfigurationPlatforms) = postSolution
		{C69CA429-544B-4727-8F6F-D5AA0B771753}.Debug|Any CPU.ActiveCfg = Debug|Any CPU
		{C69CA429-544B-4727-8F6F-D5AA0B771753}.Debug|Any CPU.Build.0 = Debug|Any CPU
		{C69CA429-544B-4727-8F6F-D5AA0B771753}.Release|Any CPU.ActiveCfg = Release|Any CPU
		{C69CA429-544B-4727-8F6F-D5AA0B771753}.Release|Any CPU.Build.0 = Release|Any CPU
		{46222A20-9A71-492B-982C-F3A6AC96251D}.Debug|Any CPU.ActiveCfg = Debug|Any CPU
		{46222A20-9A71-492B-982C-F3A6AC96251D}.Debug|Any CPU.Build.0 = Debug|Any CPU
		{46222A20-9A71-492B-982C-F3A6AC96251D}.Release|Any CPU.ActiveCfg = Release|Any CPU
		{46222A20-9A71-492B-982C-F3A6AC96251D}.Release|Any CPU.Build.0 = Release|Any CPU
		{7EC8E6C7-CF79-41FF-AC44-C76D5C388C2C}.Debug|Any CPU.ActiveCfg = Debug|Any CPU
		{7EC8E6C7-CF79-41FF-AC44-C76D5C388C2C}.Debug|Any CPU.Build.0 = Debug|Any CPU
		{7EC8E6C7-CF79-41FF-AC44-C76D5C388C2C}.Release|Any CPU.ActiveCfg = Release|Any CPU
		{7EC8E6C7-CF79-41FF-AC44-C76D5C388C2C}.Release|Any CPU.Build.0 = Release|Any CPU
	EndGlobalSection
	GlobalSection(SolutionProperties) = preSolution
		HideSolutionNode = FALSE
	EndGlobalSection
	GlobalSection(ExtensibilityGlobals) = postSolution
		SolutionGuid = {37420922-15E0-433E-BE01-CBB6D03A142A}
	EndGlobalSection
EndGlobal
