
Microsoft Visual Studio Solution File, Format Version 12.00
# Visual Studio Version 16
VisualStudioVersion = 16.0.32106.194
MinimumVisualStudioVersion = 10.0.40219.1
Project("{FAE04EC0-301F-11D3-BF4B-00C04F79EFBC}") = "Single-Responsability-Principle", "Single-Responsability-Principle.csproj", "{5ADAA15B-C376-4C9C-8E05-D694B9DFE1CE}"
EndProject
Global
	GlobalSection(SolutionConfigurationPlatforms) = preSolution
		Debug|Any CPU = Debug|Any CPU
		Release|Any CPU = Release|Any CPU
	EndGlobalSection
	GlobalSection(ProjectConfigurationPlatforms) = postSolution
		{5ADAA15B-C376-4C9C-8E05-D694B9DFE1CE}.Debug|Any CPU.ActiveCfg = Debug|Any CPU
		{5ADAA15B-C376-4C9C-8E05-D694B9DFE1CE}.Debug|Any CPU.Build.0 = Debug|Any CPU
		{5ADAA15B-C376-4C9C-8E05-D694B9DFE1CE}.Release|Any CPU.ActiveCfg = Release|Any CPU
		{5ADAA15B-C376-4C9C-8E05-D694B9DFE1CE}.Release|Any CPU.Build.0 = Release|Any CPU
	EndGlobalSection
	GlobalSection(SolutionProperties) = preSolution
		HideSolutionNode = FALSE
	EndGlobalSection
	GlobalSection(ExtensibilityGlobals) = postSolution
		SolutionGuid = {4DD7FDBA-B450-49BA-83D0-253C09E4AA6C}
	EndGlobalSection
EndGlobal
